
Microsoft Visual Studio Solution File, Format Version 12.00
# Visual Studio Version 16
VisualStudioVersion = 16.0.810.12
MinimumVisualStudioVersion = 10.0.40219.1
Project("{FAE04EC0-301F-11D3-BF4B-00C04F79EFBC}") = "action1", "action1.csproj", "{66F2E661-8A47-43CC-9157-616F0FF31907}"
EndProject
Global
	GlobalSection(SolutionConfigurationPlatforms) = preSolution
		Debug|Any CPU = Debug|Any CPU
		Release|Any CPU = Release|Any CPU
	EndGlobalSection
	GlobalSection(ProjectConfigurationPlatforms) = postSolution
		{66F2E661-8A47-43CC-9157-616F0FF31907}.Debug|Any CPU.ActiveCfg = Debug|Any CPU
		{66F2E661-8A47-43CC-9157-616F0FF31907}.Debug|Any CPU.Build.0 = Debug|Any CPU
		{66F2E661-8A47-43CC-9157-616F0FF31907}.Release|Any CPU.ActiveCfg = Release|Any CPU
		{66F2E661-8A47-43CC-9157-616F0FF31907}.Release|Any CPU.Build.0 = Release|Any CPU
	EndGlobalSection
	GlobalSection(SolutionProperties) = preSolution
		HideSolutionNode = FALSE
	EndGlobalSection
	GlobalSection(ExtensibilityGlobals) = postSolution
		SolutionGuid = {C04C932A-5D3A-443F-8F8A-82BDEAEA7B2E}
	EndGlobalSection
EndGlobal
